
Microsoft Visual Studio Solution File, Format Version 12.00
# Visual Studio Version 17
VisualStudioVersion = 17.14.36310.24 d17.14
MinimumVisualStudioVersion = 10.0.40219.1
Project("{FAE04EC0-301F-11D3-BF4B-00C04F79EFBC}") = "KEShop_Api_N_Tier_Art.PL", "KEShop_Api_N_Tier_Art.PL\KEShop_Api_N_Tier_Art.PL.csproj", "{FC4D85DD-1C53-4627-BEFD-3CC09F27D4D3}"
EndProject
Project("{FAE04EC0-301F-11D3-BF4B-00C04F79EFBC}") = "KEShop_Api_N_Tier_Art.DAL", "KEShop_Api_N_Tier_Art.DAL\KEShop_Api_N_Tier_Art.DAL.csproj", "{06185538-6594-41FF-8D8E-EFE46BCF9D65}"
EndProject
Project("{FAE04EC0-301F-11D3-BF4B-00C04F79EFBC}") = "KEShop_Api_N_Tier_Art.BLL", "KEShop_Api_N_Tier_Art.BLL\KEShop_Api_N_Tier_Art.BLL.csproj", "{C7EC3F95-E05D-4068-855B-50D08A61D955}"
EndProject
Global
	GlobalSection(SolutionConfigurationPlatforms) = preSolution
		Debug|Any CPU = Debug|Any CPU
		Release|Any CPU = Release|Any CPU
	EndGlobalSection
	GlobalSection(ProjectConfigurationPlatforms) = postSolution
		{FC4D85DD-1C53-4627-BEFD-3CC09F27D4D3}.Debug|Any CPU.ActiveCfg = Debug|Any CPU
		{FC4D85DD-1C53-4627-BEFD-3CC09F27D4D3}.Debug|Any CPU.Build.0 = Debug|Any CPU
		{FC4D85DD-1C53-4627-BEFD-3CC09F27D4D3}.Release|Any CPU.ActiveCfg = Release|Any CPU
		{FC4D85DD-1C53-4627-BEFD-3CC09F27D4D3}.Release|Any CPU.Build.0 = Release|Any CPU
		{06185538-6594-41FF-8D8E-EFE46BCF9D65}.Debug|Any CPU.ActiveCfg = Debug|Any CPU
		{06185538-6594-41FF-8D8E-EFE46BCF9D65}.Debug|Any CPU.Build.0 = Debug|Any CPU
		{06185538-6594-41FF-8D8E-EFE46BCF9D65}.Release|Any CPU.ActiveCfg = Release|Any CPU
		{06185538-6594-41FF-8D8E-EFE46BCF9D65}.Release|Any CPU.Build.0 = Release|Any CPU
		{C7EC3F95-E05D-4068-855B-50D08A61D955}.Debug|Any CPU.ActiveCfg = Debug|Any CPU
		{C7EC3F95-E05D-4068-855B-50D08A61D955}.Debug|Any CPU.Build.0 = Debug|Any CPU
		{C7EC3F95-E05D-4068-855B-50D08A61D955}.Release|Any CPU.ActiveCfg = Release|Any CPU
		{C7EC3F95-E05D-4068-855B-50D08A61D955}.Release|Any CPU.Build.0 = Release|Any CPU
	EndGlobalSection
	GlobalSection(SolutionProperties) = preSolution
		HideSolutionNode = FALSE
	EndGlobalSection
	GlobalSection(ExtensibilityGlobals) = postSolution
		SolutionGuid = {B76BB77A-F9DB-46DA-90C0-E94154A8A57B}
	EndGlobalSection
EndGlobal
